// !$*UTF8*$!
{
	archiveVersion = 1;
	classes = {
	};
	objectVersion = 77;
	objects = {

/* Begin PBXBuildFile section */
		00CA4070B0565EE63B8B0880 /* ProfileView.swift in Sources */ = {isa = PBXBuildFile; fileRef = F18EEF0EF5FAA465BFB3073D /* ProfileView.swift */; };
		024D7AD288DB2C5813FE5B09 /* AssigneeBadge.swift in Sources */ = {isa = PBXBuildFile; fileRef = 8938B4B6FCFF57D16C580C70 /* AssigneeBadge.swift */; };
		05408C6A21DC40E39CC1D81E /* LinkPickerSheet.swift in Sources */ = {isa = PBXBuildFile; fileRef = 83ECBE32E20C473897AD2364 /* LinkPickerSheet.swift */; };
		05E4257F99C270AEFBD349D5 /* BoardDetailView.swift in Sources */ = {isa = PBXBuildFile; fileRef = 686D85BDB4EE25B273844E76 /* BoardDetailView.swift */; };
		08919006E7FC92DAE3FC5E55 /* DragCoordinator.swift in Sources */ = {isa = PBXBuildFile; fileRef = 0AD361D7B969F1FDB46FAE4E /* DragCoordinator.swift */; };
		11C5E09876F1E61563A2A997 /* LiveSocket.swift in Sources */ = {isa = PBXBuildFile; fileRef = FC7169EB1E4AC2380DD61C44 /* LiveSocket.swift */; };
		158BEF8D6A048423CECC4229 /* NoteRow.swift in Sources */ = {isa = PBXBuildFile; fileRef = 4105E951680CBD8520EA4CCD /* NoteRow.swift */; };
		1B34962030B54957B63FB862 /* LinkedEntitiesSection.swift in Sources */ = {isa = PBXBuildFile; fileRef = 57D7F5381B724B64A8F52F7D /* LinkedEntitiesSection.swift */; };
		2B1336DB67EC186687EB1B41 /* OpenAISans-Medium.ttf in Resources */ = {isa = PBXBuildFile; fileRef = B7CB54C5E4CED7CD8936432D /* OpenAISans-Medium.ttf */; };
		2C497C9720CD48A7569B2292 /* IDWrap.swift in Sources */ = {isa = PBXBuildFile; fileRef = F05E118904ED263E530A04BA /* IDWrap.swift */; };
		3029A273B2CD11060FFD8880 /* NoteFormat.swift in Sources */ = {isa = PBXBuildFile; fileRef = 24CD7B3ACBF8892E1E4DA98A /* NoteFormat.swift */; };
		408AC793B3DF456D7B82946D /* NoteEditorToolbar.swift in Sources */ = {isa = PBXBuildFile; fileRef = FB9A7F70481DDB5BB376F869 /* NoteEditorToolbar.swift */; };
		4C7749C6E864F57709C219E8 /* AuthService.swift in Sources */ = {isa = PBXBuildFile; fileRef = 61266A119EBFF8C8C3EE5467 /* AuthService.swift */; };
		5962C7B8CC1AC1374B927E23 /* BoardMembersSheet.swift in Sources */ = {isa = PBXBuildFile; fileRef = 1C8DC963E74620F0D93DD77C /* BoardMembersSheet.swift */; };
		5C467E7477D8E4CB3B197229 /* BoardsListView.swift in Sources */ = {isa = PBXBuildFile; fileRef = E943E12501F84B9CA8E335E0 /* BoardsListView.swift */; };
		6475BB72606B3C65BEBD514F /* NotesAPI.swift in Sources */ = {isa = PBXBuildFile; fileRef = 2E94FF84C4FF920B57FA013F /* NotesAPI.swift */; };
		661B46D4DEE68E175023C97D /* CardDetailSheet.swift in Sources */ = {isa = PBXBuildFile; fileRef = 6ABAB6A907F2A3DA237F1071 /* CardDetailSheet.swift */; };
		6804C787E3B0706DC0935FB9 /* LoginView.swift in Sources */ = {isa = PBXBuildFile; fileRef = 0E17F299E023026FD2714D61 /* LoginView.swift */; };
		6D01D44639BDF8B7D4247358 /* NoteListView.swift in Sources */ = {isa = PBXBuildFile; fileRef = 4FF613D7E840B96B8109EAD9 /* NoteListView.swift */; };
		70289E8B537BEA3CC3E53443 /* APIClient.swift in Sources */ = {isa = PBXBuildFile; fileRef = 8816907FD7001DC1544BBBB5 /* APIClient.swift */; };
		72C26FB37334FC37ED7FC9FF /* Board.swift in Sources */ = {isa = PBXBuildFile; fileRef = 46A61F775B4A02C9E3A9D4F1 /* Board.swift */; };
		73F7C144D9D5A79BAB3A667D /* LiveEvent.swift in Sources */ = {isa = PBXBuildFile; fileRef = E45B6A6365579A4102902860 /* LiveEvent.swift */; };
		774BC903D5F946BDB0E7566C /* BoardsStore.swift in Sources */ = {isa = PBXBuildFile; fileRef = 2C4313D5ACAF6AE27CE64D02 /* BoardsStore.swift */; };
		7AFFFD5C157A5AEBFD7C68B7 /* LiveEventDecode.swift in Sources */ = {isa = PBXBuildFile; fileRef = 1E2A7AFD0A04D35E1E85A111 /* LiveEventDecode.swift */; };
		7B1A6411E26823A3B840DB9E /* BoardsStore+Cards.swift in Sources */ = {isa = PBXBuildFile; fileRef = 12C74A0F84A9964CB0EEF84F /* BoardsStore+Cards.swift */; };
		8039A5B8785EB27032004D2B /* CardRowView.swift in Sources */ = {isa = PBXBuildFile; fileRef = E73DE5AB90FBE359454FDE2B /* CardRowView.swift */; };
		8C59EACBF474808AD97AA364 /* BoardRow.swift in Sources */ = {isa = PBXBuildFile; fileRef = E86B02C13582A5CD024170BF /* BoardRow.swift */; };
		9128C60AA018371B6B76B7F8 /* NoteEditorView.swift in Sources */ = {isa = PBXBuildFile; fileRef = F823E53EE2B76138F849392A /* NoteEditorView.swift */; };
		95552A2BE0CBDFA471ADCE46 /* BoardsAPI.swift in Sources */ = {isa = PBXBuildFile; fileRef = 1E1BA76B50D4292531F2A06A /* BoardsAPI.swift */; };
		9A239E8B326FA71AD5CAD743 /* ContentView.swift in Sources */ = {isa = PBXBuildFile; fileRef = CAA507A694F1D8FFE6BB1C8E /* ContentView.swift */; };
		9C980968BB938A19F69BCCB2 /* Theme.swift in Sources */ = {isa = PBXBuildFile; fileRef = 5E6E6CD666981BCC191EF111 /* Theme.swift */; };
		A26CE052B4A9A3E8C6D2F39E /* AuthStore.swift in Sources */ = {isa = PBXBuildFile; fileRef = E786D8BAFA6518DFDEF243AD /* AuthStore.swift */; };
		A7A4A56EC00F0BE0CF7A6B71 /* OpenAISans-Semibold.ttf in Resources */ = {isa = PBXBuildFile; fileRef = 2BA925A3E30390D6304F0547 /* OpenAISans-Semibold.ttf */; };
		B3C200361A3942278A9088A4 /* LinksAPI.swift in Sources */ = {isa = PBXBuildFile; fileRef = CC9BFAD85BAC434E9CFE1708 /* LinksAPI.swift */; };
		B42DAD11EFE09EA2D07648A8 /* MembersSheet.swift in Sources */ = {isa = PBXBuildFile; fileRef = 073F28A533D6FEEC44529DD3 /* MembersSheet.swift */; };
		BDE88739E036ABBDE5094BCD /* DragOverlay.swift in Sources */ = {isa = PBXBuildFile; fileRef = C8F8B846728AC5B559718EF0 /* DragOverlay.swift */; };
		C21E37C7A409303268309636 /* ColumnView.swift in Sources */ = {isa = PBXBuildFile; fileRef = 219DF57BD62CEF8A263611AF /* ColumnView.swift */; };
		C2631F503D13BC2876606E1F /* KeychainService.swift in Sources */ = {isa = PBXBuildFile; fileRef = F731C7DDF03646404BE37CBB /* KeychainService.swift */; };
		CDC18E5E7ABC6B7098072AE5 /* NotesStore.swift in Sources */ = {isa = PBXBuildFile; fileRef = 99DFB1B7DFAECBD3F0345E8E /* NotesStore.swift */; };
		D7215297874BE26172717549 /* MemberRowView.swift in Sources */ = {isa = PBXBuildFile; fileRef = 4821E217E20AF03BB09ABF5A /* MemberRowView.swift */; };
		DA390BBA8C40A6C6AEC53BDD /* Note.swift in Sources */ = {isa = PBXBuildFile; fileRef = F7430D69CF118778FA528A0B /* Note.swift */; };
		E02B917033884499F0C01F92 /* OpenDockApp.swift in Sources */ = {isa = PBXBuildFile; fileRef = E9467EA43375042861D467E8 /* OpenDockApp.swift */; };
		E49E7CDD6DC1BDC7EAB4C488 /* Card.swift in Sources */ = {isa = PBXBuildFile; fileRef = 5FC1A28E8913656B1C7D7B2D /* Card.swift */; };
		E8DEE98F663D4EE59F51E51E /* LinksStore.swift in Sources */ = {isa = PBXBuildFile; fileRef = FDCFD2C432B040279FAE5531 /* LinksStore.swift */; };
		EDC53B62850BD161E6D720AA /* OpenAISans-Regular.ttf in Resources */ = {isa = PBXBuildFile; fileRef = C37BAA3A09300DB73892A0C3 /* OpenAISans-Regular.ttf */; };
		FC75FCF0345EAA61F8679F13 /* CardFramePreference.swift in Sources */ = {isa = PBXBuildFile; fileRef = 57F2313CA58CE91241300411 /* CardFramePreference.swift */; };
		FCC4DF6D270B473145C77511 /* BoardColumn.swift in Sources */ = {isa = PBXBuildFile; fileRef = 6EF77E58ACF34E7A634AADD0 /* BoardColumn.swift */; };
/* End PBXBuildFile section */

/* Begin PBXFileReference section */
		073F28A533D6FEEC44529DD3 /* MembersSheet.swift */ = {isa = PBXFileReference; lastKnownFileType = sourcecode.swift; path = MembersSheet.swift; sourceTree = "<group>"; };
		0AD361D7B969F1FDB46FAE4E /* DragCoordinator.swift */ = {isa = PBXFileReference; lastKnownFileType = sourcecode.swift; path = DragCoordinator.swift; sourceTree = "<group>"; };
		0E17F299E023026FD2714D61 /* LoginView.swift */ = {isa = PBXFileReference; lastKnownFileType = sourcecode.swift; path = LoginView.swift; sourceTree = "<group>"; };
		12C74A0F84A9964CB0EEF84F /* BoardsStore+Cards.swift */ = {isa = PBXFileReference; lastKnownFileType = sourcecode.swift; path = "BoardsStore+Cards.swift"; sourceTree = "<group>"; };
		1C8DC963E74620F0D93DD77C /* BoardMembersSheet.swift */ = {isa = PBXFileReference; lastKnownFileType = sourcecode.swift; path = BoardMembersSheet.swift; sourceTree = "<group>"; };
		1E1BA76B50D4292531F2A06A /* BoardsAPI.swift */ = {isa = PBXFileReference; lastKnownFileType = sourcecode.swift; path = BoardsAPI.swift; sourceTree = "<group>"; };
		1E2A7AFD0A04D35E1E85A111 /* LiveEventDecode.swift */ = {isa = PBXFileReference; lastKnownFileType = sourcecode.swift; path = LiveEventDecode.swift; sourceTree = "<group>"; };
		219DF57BD62CEF8A263611AF /* ColumnView.swift */ = {isa = PBXFileReference; lastKnownFileType = sourcecode.swift; path = ColumnView.swift; sourceTree = "<group>"; };
		24CD7B3ACBF8892E1E4DA98A /* NoteFormat.swift */ = {isa = PBXFileReference; lastKnownFileType = sourcecode.swift; path = NoteFormat.swift; sourceTree = "<group>"; };
		2BA925A3E30390D6304F0547 /* OpenAISans-Semibold.ttf */ = {isa = PBXFileReference; lastKnownFileType = file; path = "OpenAISans-Semibold.ttf"; sourceTree = "<group>"; };
		2C4313D5ACAF6AE27CE64D02 /* BoardsStore.swift */ = {isa = PBXFileReference; lastKnownFileType = sourcecode.swift; path = BoardsStore.swift; sourceTree = "<group>"; };
		2E94FF84C4FF920B57FA013F /* NotesAPI.swift */ = {isa = PBXFileReference; lastKnownFileType = sourcecode.swift; path = NotesAPI.swift; sourceTree = "<group>"; };
		4105E951680CBD8520EA4CCD /* NoteRow.swift */ = {isa = PBXFileReference; lastKnownFileType = sourcecode.swift; path = NoteRow.swift; sourceTree = "<group>"; };
		46A61F775B4A02C9E3A9D4F1 /* Board.swift */ = {isa = PBXFileReference; lastKnownFileType = sourcecode.swift; path = Board.swift; sourceTree = "<group>"; };
		4821E217E20AF03BB09ABF5A /* MemberRowView.swift */ = {isa = PBXFileReference; lastKnownFileType = sourcecode.swift; path = MemberRowView.swift; sourceTree = "<group>"; };
		4FF613D7E840B96B8109EAD9 /* NoteListView.swift */ = {isa = PBXFileReference; lastKnownFileType = sourcecode.swift; path = NoteListView.swift; sourceTree = "<group>"; };
		57D7F5381B724B64A8F52F7D /* LinkedEntitiesSection.swift */ = {isa = PBXFileReference; lastKnownFileType = sourcecode.swift; path = LinkedEntitiesSection.swift; sourceTree = "<group>"; };
		57F2313CA58CE91241300411 /* CardFramePreference.swift */ = {isa = PBXFileReference; lastKnownFileType = sourcecode.swift; path = CardFramePreference.swift; sourceTree = "<group>"; };
		5E6E6CD666981BCC191EF111 /* Theme.swift */ = {isa = PBXFileReference; lastKnownFileType = sourcecode.swift; path = Theme.swift; sourceTree = "<group>"; };
		5FC1A28E8913656B1C7D7B2D /* Card.swift */ = {isa = PBXFileReference; lastKnownFileType = sourcecode.swift; path = Card.swift; sourceTree = "<group>"; };
		61266A119EBFF8C8C3EE5467 /* AuthService.swift */ = {isa = PBXFileReference; lastKnownFileType = sourcecode.swift; path = AuthService.swift; sourceTree = "<group>"; };
		67884C5555AADFE58819B4B4 /* Info.plist */ = {isa = PBXFileReference; lastKnownFileType = text.plist; path = Info.plist; sourceTree = "<group>"; };
		686D85BDB4EE25B273844E76 /* BoardDetailView.swift */ = {isa = PBXFileReference; lastKnownFileType = sourcecode.swift; path = BoardDetailView.swift; sourceTree = "<group>"; };
		6ABAB6A907F2A3DA237F1071 /* CardDetailSheet.swift */ = {isa = PBXFileReference; lastKnownFileType = sourcecode.swift; path = CardDetailSheet.swift; sourceTree = "<group>"; };
		6EF77E58ACF34E7A634AADD0 /* BoardColumn.swift */ = {isa = PBXFileReference; lastKnownFileType = sourcecode.swift; path = BoardColumn.swift; sourceTree = "<group>"; };
		83ECBE32E20C473897AD2364 /* LinkPickerSheet.swift */ = {isa = PBXFileReference; lastKnownFileType = sourcecode.swift; path = LinkPickerSheet.swift; sourceTree = "<group>"; };
		8816907FD7001DC1544BBBB5 /* APIClient.swift */ = {isa = PBXFileReference; lastKnownFileType = sourcecode.swift; path = APIClient.swift; sourceTree = "<group>"; };
		8938B4B6FCFF57D16C580C70 /* AssigneeBadge.swift */ = {isa = PBXFileReference; lastKnownFileType = sourcecode.swift; path = AssigneeBadge.swift; sourceTree = "<group>"; };
		99DFB1B7DFAECBD3F0345E8E /* NotesStore.swift */ = {isa = PBXFileReference; lastKnownFileType = sourcecode.swift; path = NotesStore.swift; sourceTree = "<group>"; };
		B7CB54C5E4CED7CD8936432D /* OpenAISans-Medium.ttf */ = {isa = PBXFileReference; lastKnownFileType = file; path = "OpenAISans-Medium.ttf"; sourceTree = "<group>"; };
		C37BAA3A09300DB73892A0C3 /* OpenAISans-Regular.ttf */ = {isa = PBXFileReference; lastKnownFileType = file; path = "OpenAISans-Regular.ttf"; sourceTree = "<group>"; };
		C8F8B846728AC5B559718EF0 /* DragOverlay.swift */ = {isa = PBXFileReference; lastKnownFileType = sourcecode.swift; path = DragOverlay.swift; sourceTree = "<group>"; };
		CAA507A694F1D8FFE6BB1C8E /* ContentView.swift */ = {isa = PBXFileReference; lastKnownFileType = sourcecode.swift; path = ContentView.swift; sourceTree = "<group>"; };
		CC9BFAD85BAC434E9CFE1708 /* LinksAPI.swift */ = {isa = PBXFileReference; lastKnownFileType = sourcecode.swift; path = LinksAPI.swift; sourceTree = "<group>"; };
		E45B6A6365579A4102902860 /* LiveEvent.swift */ = {isa = PBXFileReference; lastKnownFileType = sourcecode.swift; path = LiveEvent.swift; sourceTree = "<group>"; };
		E73DE5AB90FBE359454FDE2B /* CardRowView.swift */ = {isa = PBXFileReference; lastKnownFileType = sourcecode.swift; path = CardRowView.swift; sourceTree = "<group>"; };
		E786D8BAFA6518DFDEF243AD /* AuthStore.swift */ = {isa = PBXFileReference; lastKnownFileType = sourcecode.swift; path = AuthStore.swift; sourceTree = "<group>"; };
		E86B02C13582A5CD024170BF /* BoardRow.swift */ = {isa = PBXFileReference; lastKnownFileType = sourcecode.swift; path = BoardRow.swift; sourceTree = "<group>"; };
		E943E12501F84B9CA8E335E0 /* BoardsListView.swift */ = {isa = PBXFileReference; lastKnownFileType = sourcecode.swift; path = BoardsListView.swift; sourceTree = "<group>"; };
		E9467EA43375042861D467E8 /* OpenDockApp.swift */ = {isa = PBXFileReference; lastKnownFileType = sourcecode.swift; path = OpenDockApp.swift; sourceTree = "<group>"; };
		F05E118904ED263E530A04BA /* IDWrap.swift */ = {isa = PBXFileReference; lastKnownFileType = sourcecode.swift; path = IDWrap.swift; sourceTree = "<group>"; };
		F18EEF0EF5FAA465BFB3073D /* ProfileView.swift */ = {isa = PBXFileReference; lastKnownFileType = sourcecode.swift; path = ProfileView.swift; sourceTree = "<group>"; };
		F731C7DDF03646404BE37CBB /* KeychainService.swift */ = {isa = PBXFileReference; lastKnownFileType = sourcecode.swift; path = KeychainService.swift; sourceTree = "<group>"; };
		F7430D69CF118778FA528A0B /* Note.swift */ = {isa = PBXFileReference; lastKnownFileType = sourcecode.swift; path = Note.swift; sourceTree = "<group>"; };
		F823E53EE2B76138F849392A /* NoteEditorView.swift */ = {isa = PBXFileReference; lastKnownFileType = sourcecode.swift; path = NoteEditorView.swift; sourceTree = "<group>"; };
		F887752849BA46582EF40368 /* OpenDock.app */ = {isa = PBXFileReference; explicitFileType = wrapper.application; includeInIndex = 0; path = OpenDock.app; sourceTree = BUILT_PRODUCTS_DIR; };
		FB9A7F70481DDB5BB376F869 /* NoteEditorToolbar.swift */ = {isa = PBXFileReference; lastKnownFileType = sourcecode.swift; path = NoteEditorToolbar.swift; sourceTree = "<group>"; };
		FC7169EB1E4AC2380DD61C44 /* LiveSocket.swift */ = {isa = PBXFileReference; lastKnownFileType = sourcecode.swift; path = LiveSocket.swift; sourceTree = "<group>"; };
		FDCFD2C432B040279FAE5531 /* LinksStore.swift */ = {isa = PBXFileReference; lastKnownFileType = sourcecode.swift; path = LinksStore.swift; sourceTree = "<group>"; };
/* End PBXFileReference section */

/* Begin PBXGroup section */
		06AD21C4BAB416AB604A12C1 = {
			isa = PBXGroup;
			children = (
				D4E5961A22856804EC7578E4 /* OpenDock */,
				3A327E2E5E7E4F5A99D6F33B /* Products */,
			);
			sourceTree = "<group>";
		};
		3A327E2E5E7E4F5A99D6F33B /* Products */ = {
			isa = PBXGroup;
			children = (
				F887752849BA46582EF40368 /* OpenDock.app */,
			);
			name = Products;
			sourceTree = "<group>";
		};
		5ACCF0EC41C69EFE562E50F2 /* Fonts */ = {
			isa = PBXGroup;
			children = (
				B7CB54C5E4CED7CD8936432D /* OpenAISans-Medium.ttf */,
				C37BAA3A09300DB73892A0C3 /* OpenAISans-Regular.ttf */,
				2BA925A3E30390D6304F0547 /* OpenAISans-Semibold.ttf */,
			);
			path = Fonts;
			sourceTree = "<group>";
		};
		D4E5961A22856804EC7578E4 /* OpenDock */ = {
			isa = PBXGroup;
			children = (
				8816907FD7001DC1544BBBB5 /* APIClient.swift */,
				8938B4B6FCFF57D16C580C70 /* AssigneeBadge.swift */,
				61266A119EBFF8C8C3EE5467 /* AuthService.swift */,
				E786D8BAFA6518DFDEF243AD /* AuthStore.swift */,
				46A61F775B4A02C9E3A9D4F1 /* Board.swift */,
				6EF77E58ACF34E7A634AADD0 /* BoardColumn.swift */,
				686D85BDB4EE25B273844E76 /* BoardDetailView.swift */,
				1C8DC963E74620F0D93DD77C /* BoardMembersSheet.swift */,
				E86B02C13582A5CD024170BF /* BoardRow.swift */,
				1E1BA76B50D4292531F2A06A /* BoardsAPI.swift */,
				83ECBE32E20C473897AD2364 /* LinkPickerSheet.swift */,
				57D7F5381B724B64A8F52F7D /* LinkedEntitiesSection.swift */,
				FDCFD2C432B040279FAE5531 /* LinksStore.swift */,
				CC9BFAD85BAC434E9CFE1708 /* LinksAPI.swift */,
				E943E12501F84B9CA8E335E0 /* BoardsListView.swift */,
				2C4313D5ACAF6AE27CE64D02 /* BoardsStore.swift */,
				12C74A0F84A9964CB0EEF84F /* BoardsStore+Cards.swift */,
				5FC1A28E8913656B1C7D7B2D /* Card.swift */,
				6ABAB6A907F2A3DA237F1071 /* CardDetailSheet.swift */,
				57F2313CA58CE91241300411 /* CardFramePreference.swift */,
				E73DE5AB90FBE359454FDE2B /* CardRowView.swift */,
				219DF57BD62CEF8A263611AF /* ColumnView.swift */,
				CAA507A694F1D8FFE6BB1C8E /* ContentView.swift */,
				0AD361D7B969F1FDB46FAE4E /* DragCoordinator.swift */,
				C8F8B846728AC5B559718EF0 /* DragOverlay.swift */,
				F05E118904ED263E530A04BA /* IDWrap.swift */,
				67884C5555AADFE58819B4B4 /* Info.plist */,
				F731C7DDF03646404BE37CBB /* KeychainService.swift */,
				E45B6A6365579A4102902860 /* LiveEvent.swift */,
				1E2A7AFD0A04D35E1E85A111 /* LiveEventDecode.swift */,
				FC7169EB1E4AC2380DD61C44 /* LiveSocket.swift */,
				0E17F299E023026FD2714D61 /* LoginView.swift */,
				4821E217E20AF03BB09ABF5A /* MemberRowView.swift */,
				073F28A533D6FEEC44529DD3 /* MembersSheet.swift */,
				F7430D69CF118778FA528A0B /* Note.swift */,
				FB9A7F70481DDB5BB376F869 /* NoteEditorToolbar.swift */,
				F823E53EE2B76138F849392A /* NoteEditorView.swift */,
				24CD7B3ACBF8892E1E4DA98A /* NoteFormat.swift */,
				4FF613D7E840B96B8109EAD9 /* NoteListView.swift */,
				4105E951680CBD8520EA4CCD /* NoteRow.swift */,
				2E94FF84C4FF920B57FA013F /* NotesAPI.swift */,
				99DFB1B7DFAECBD3F0345E8E /* NotesStore.swift */,
				E9467EA43375042861D467E8 /* OpenDockApp.swift */,
				F18EEF0EF5FAA465BFB3073D /* ProfileView.swift */,
				5E6E6CD666981BCC191EF111 /* Theme.swift */,
				5ACCF0EC41C69EFE562E50F2 /* Fonts */,
			);
			path = OpenDock;
			sourceTree = "<group>";
		};
/* End PBXGroup section */

/* Begin PBXNativeTarget section */
		CF18626D89445ABA13B73611 /* OpenDock */ = {
			isa = PBXNativeTarget;
			buildConfigurationList = 5977C89E70E773F3C7B7E3B9 /* Build configuration list for PBXNativeTarget "OpenDock" */;
			buildPhases = (
				261B5B93756A89DD34396D46 /* Sources */,
				4FF5FAA90DF4DE6C44F7AD27 /* Resources */,
			);
			buildRules = (
			);
			dependencies = (
			);
			name = OpenDock;
			packageProductDependencies = (
			);
			productName = OpenDock;
			productReference = F887752849BA46582EF40368 /* OpenDock.app */;
			productType = "com.apple.product-type.application";
		};
/* End PBXNativeTarget section */

/* Begin PBXProject section */
		E49B8E6DD45B893AAD91EFAC /* Project object */ = {
			isa = PBXProject;
			attributes = {
				BuildIndependentTargetsInParallel = YES;
				LastUpgradeCheck = 1430;
				TargetAttributes = {
					CF18626D89445ABA13B73611 = {
						ProvisioningStyle = Automatic;
					};
				};
			};
			buildConfigurationList = B8A57472612802D979828506 /* Build configuration list for PBXProject "OpenDock" */;
			developmentRegion = en;
			hasScannedForEncodings = 0;
			knownRegions = (
				Base,
				en,
			);
			mainGroup = 06AD21C4BAB416AB604A12C1;
			minimizedProjectReferenceProxies = 1;
			preferredProjectObjectVersion = 77;
			productRefGroup = 3A327E2E5E7E4F5A99D6F33B /* Products */;
			projectDirPath = "";
			projectRoot = "";
			targets = (
				CF18626D89445ABA13B73611 /* OpenDock */,
			);
		};
/* End PBXProject section */

/* Begin PBXResourcesBuildPhase section */
		4FF5FAA90DF4DE6C44F7AD27 /* Resources */ = {
			isa = PBXResourcesBuildPhase;
			buildActionMask = 2147483647;
			files = (
				2B1336DB67EC186687EB1B41 /* OpenAISans-Medium.ttf in Resources */,
				EDC53B62850BD161E6D720AA /* OpenAISans-Regular.ttf in Resources */,
				A7A4A56EC00F0BE0CF7A6B71 /* OpenAISans-Semibold.ttf in Resources */,
			);
			runOnlyForDeploymentPostprocessing = 0;
		};
/* End PBXResourcesBuildPhase section */

/* Begin PBXSourcesBuildPhase section */
		261B5B93756A89DD34396D46 /* Sources */ = {
			isa = PBXSourcesBuildPhase;
			buildActionMask = 2147483647;
			files = (
				70289E8B537BEA3CC3E53443 /* APIClient.swift in Sources */,
				024D7AD288DB2C5813FE5B09 /* AssigneeBadge.swift in Sources */,
				4C7749C6E864F57709C219E8 /* AuthService.swift in Sources */,
				A26CE052B4A9A3E8C6D2F39E /* AuthStore.swift in Sources */,
				72C26FB37334FC37ED7FC9FF /* Board.swift in Sources */,
				FCC4DF6D270B473145C77511 /* BoardColumn.swift in Sources */,
				05E4257F99C270AEFBD349D5 /* BoardDetailView.swift in Sources */,
				5962C7B8CC1AC1374B927E23 /* BoardMembersSheet.swift in Sources */,
				8C59EACBF474808AD97AA364 /* BoardRow.swift in Sources */,
				95552A2BE0CBDFA471ADCE46 /* BoardsAPI.swift in Sources */,
				05408C6A21DC40E39CC1D81E /* LinkPickerSheet.swift in Sources */,
				1B34962030B54957B63FB862 /* LinkedEntitiesSection.swift in Sources */,
				E8DEE98F663D4EE59F51E51E /* LinksStore.swift in Sources */,
				B3C200361A3942278A9088A4 /* LinksAPI.swift in Sources */,
				5C467E7477D8E4CB3B197229 /* BoardsListView.swift in Sources */,
				7B1A6411E26823A3B840DB9E /* BoardsStore+Cards.swift in Sources */,
				774BC903D5F946BDB0E7566C /* BoardsStore.swift in Sources */,
				E49E7CDD6DC1BDC7EAB4C488 /* Card.swift in Sources */,
				661B46D4DEE68E175023C97D /* CardDetailSheet.swift in Sources */,
				FC75FCF0345EAA61F8679F13 /* CardFramePreference.swift in Sources */,
				8039A5B8785EB27032004D2B /* CardRowView.swift in Sources */,
				C21E37C7A409303268309636 /* ColumnView.swift in Sources */,
				9A239E8B326FA71AD5CAD743 /* ContentView.swift in Sources */,
				08919006E7FC92DAE3FC5E55 /* DragCoordinator.swift in Sources */,
				BDE88739E036ABBDE5094BCD /* DragOverlay.swift in Sources */,
				2C497C9720CD48A7569B2292 /* IDWrap.swift in Sources */,
				C2631F503D13BC2876606E1F /* KeychainService.swift in Sources */,
				73F7C144D9D5A79BAB3A667D /* LiveEvent.swift in Sources */,
				7AFFFD5C157A5AEBFD7C68B7 /* LiveEventDecode.swift in Sources */,
				11C5E09876F1E61563A2A997 /* LiveSocket.swift in Sources */,
				6804C787E3B0706DC0935FB9 /* LoginView.swift in Sources */,
				D7215297874BE26172717549 /* MemberRowView.swift in Sources */,
				B42DAD11EFE09EA2D07648A8 /* MembersSheet.swift in Sources */,
				DA390BBA8C40A6C6AEC53BDD /* Note.swift in Sources */,
				408AC793B3DF456D7B82946D /* NoteEditorToolbar.swift in Sources */,
				9128C60AA018371B6B76B7F8 /* NoteEditorView.swift in Sources */,
				3029A273B2CD11060FFD8880 /* NoteFormat.swift in Sources */,
				6D01D44639BDF8B7D4247358 /* NoteListView.swift in Sources */,
				158BEF8D6A048423CECC4229 /* NoteRow.swift in Sources */,
				6475BB72606B3C65BEBD514F /* NotesAPI.swift in Sources */,
				CDC18E5E7ABC6B7098072AE5 /* NotesStore.swift in Sources */,
				E02B917033884499F0C01F92 /* OpenDockApp.swift in Sources */,
				00CA4070B0565EE63B8B0880 /* ProfileView.swift in Sources */,
				9C980968BB938A19F69BCCB2 /* Theme.swift in Sources */,
			);
			runOnlyForDeploymentPostprocessing = 0;
		};
/* End PBXSourcesBuildPhase section */

/* Begin XCBuildConfiguration section */
		1349F8EC3C2EBA50C6D86758 /* Debug */ = {
			isa = XCBuildConfiguration;
			buildSettings = {
				ALWAYS_SEARCH_USER_PATHS = NO;
				CLANG_ANALYZER_NONNULL = YES;
				CLANG_ANALYZER_NUMBER_OBJECT_CONVERSION = YES_AGGRESSIVE;
				CLANG_CXX_LANGUAGE_STANDARD = "gnu++14";
				CLANG_CXX_LIBRARY = "libc++";
				CLANG_ENABLE_MODULES = YES;
				CLANG_ENABLE_OBJC_ARC = YES;
				CLANG_ENABLE_OBJC_WEAK = YES;
				CLANG_WARN_BLOCK_CAPTURE_AUTORELEASING = YES;
				CLANG_WARN_BOOL_CONVERSION = YES;
				CLANG_WARN_COMMA = YES;
				CLANG_WARN_CONSTANT_CONVERSION = YES;
				CLANG_WARN_DEPRECATED_OBJC_IMPLEMENTATIONS = YES;
				CLANG_WARN_DIRECT_OBJC_ISA_USAGE = YES_ERROR;
				CLANG_WARN_DOCUMENTATION_COMMENTS = YES;
				CLANG_WARN_EMPTY_BODY = YES;
				CLANG_WARN_ENUM_CONVERSION = YES;
				CLANG_WARN_INFINITE_RECURSION = YES;
				CLANG_WARN_INT_CONVERSION = YES;
				CLANG_WARN_NON_LITERAL_NULL_CONVERSION = YES;
				CLANG_WARN_OBJC_IMPLICIT_RETAIN_SELF = YES;
				CLANG_WARN_OBJC_LITERAL_CONVERSION = YES;
				CLANG_WARN_OBJC_ROOT_CLASS = YES_ERROR;
				CLANG_WARN_QUOTED_INCLUDE_IN_FRAMEWORK_HEADER = YES;
				CLANG_WARN_RANGE_LOOP_ANALYSIS = YES;
				CLANG_WARN_STRICT_PROTOTYPES = YES;
				CLANG_WARN_SUSPICIOUS_MOVE = YES;
				CLANG_WARN_UNGUARDED_AVAILABILITY = YES_AGGRESSIVE;
				CLANG_WARN_UNREACHABLE_CODE = YES;
				CLANG_WARN__DUPLICATE_METHOD_MATCH = YES;
				COPY_PHASE_STRIP = NO;
				DEBUG_INFORMATION_FORMAT = dwarf;
				ENABLE_STRICT_OBJC_MSGSEND = YES;
				ENABLE_TESTABILITY = YES;
				GCC_C_LANGUAGE_STANDARD = gnu11;
				GCC_DYNAMIC_NO_PIC = NO;
				GCC_NO_COMMON_BLOCKS = YES;
				GCC_OPTIMIZATION_LEVEL = 0;
				GCC_PREPROCESSOR_DEFINITIONS = (
					"$(inherited)",
					"DEBUG=1",
				);
				GCC_WARN_64_TO_32_BIT_CONVERSION = YES;
				GCC_WARN_ABOUT_RETURN_TYPE = YES_ERROR;
				GCC_WARN_UNDECLARED_SELECTOR = YES;
				GCC_WARN_UNINITIALIZED_AUTOS = YES_AGGRESSIVE;
				GCC_WARN_UNUSED_FUNCTION = YES;
				GCC_WARN_UNUSED_VARIABLE = YES;
				IPHONEOS_DEPLOYMENT_TARGET = 17.0;
				MTL_ENABLE_DEBUG_INFO = INCLUDE_SOURCE;
				MTL_FAST_MATH = YES;
				ONLY_ACTIVE_ARCH = YES;
				PRODUCT_NAME = "$(TARGET_NAME)";
				SDKROOT = iphoneos;
				SWIFT_ACTIVE_COMPILATION_CONDITIONS = DEBUG;
				SWIFT_OPTIMIZATION_LEVEL = "-Onone";
				SWIFT_VERSION = 6.0;
			};
			name = Debug;
		};
		DB55BA33A84FB62386C7A99B /* Release */ = {
			isa = XCBuildConfiguration;
			buildSettings = {
				ASSETCATALOG_COMPILER_APPICON_NAME = AppIcon;
				CODE_SIGN_IDENTITY = "iPhone Developer";
				CODE_SIGN_STYLE = Automatic;
				DEVELOPMENT_TEAM = 8656625Z2P;
				GENERATE_INFOPLIST_FILE = YES;
				INFOPLIST_FILE = OpenDock/Info.plist;
				INFOPLIST_KEY_CFBundleDisplayName = Opendock;
				INFOPLIST_KEY_UILaunchScreen_Generation = YES;
				INFOPLIST_KEY_UIStatusBarStyle = UIStatusBarStyleLightContent;
				INFOPLIST_KEY_UISupportedInterfaceOrientations = UIInterfaceOrientationPortrait;
				LD_RUNPATH_SEARCH_PATHS = (
					"$(inherited)",
					"@executable_path/Frameworks",
				);
				PRODUCT_BUNDLE_IDENTIFIER = com.athion.opendock;
				SDKROOT = iphoneos;
				TARGETED_DEVICE_FAMILY = "1,2";
			};
			name = Release;
		};
		EBAF64AE4464C5544A8749EF /* Debug */ = {
			isa = XCBuildConfiguration;
			buildSettings = {
				ASSETCATALOG_COMPILER_APPICON_NAME = AppIcon;
				CODE_SIGN_IDENTITY = "iPhone Developer";
				CODE_SIGN_STYLE = Automatic;
				DEVELOPMENT_TEAM = 8656625Z2P;
				GENERATE_INFOPLIST_FILE = YES;
				INFOPLIST_FILE = OpenDock/Info.plist;
				INFOPLIST_KEY_CFBundleDisplayName = Opendock;
				INFOPLIST_KEY_UILaunchScreen_Generation = YES;
				INFOPLIST_KEY_UIStatusBarStyle = UIStatusBarStyleLightContent;
				INFOPLIST_KEY_UISupportedInterfaceOrientations = UIInterfaceOrientationPortrait;
				LD_RUNPATH_SEARCH_PATHS = (
					"$(inherited)",
					"@executable_path/Frameworks",
				);
				PRODUCT_BUNDLE_IDENTIFIER = com.athion.opendock;
				SDKROOT = iphoneos;
				TARGETED_DEVICE_FAMILY = "1,2";
			};
			name = Debug;
		};
		F5CA0214D84D03EAE0671F05 /* Release */ = {
			isa = XCBuildConfiguration;
			buildSettings = {
				ALWAYS_SEARCH_USER_PATHS = NO;
				CLANG_ANALYZER_NONNULL = YES;
				CLANG_ANALYZER_NUMBER_OBJECT_CONVERSION = YES_AGGRESSIVE;
				CLANG_CXX_LANGUAGE_STANDARD = "gnu++14";
				CLANG_CXX_LIBRARY = "libc++";
				CLANG_ENABLE_MODULES = YES;
				CLANG_ENABLE_OBJC_ARC = YES;
				CLANG_ENABLE_OBJC_WEAK = YES;
				CLANG_WARN_BLOCK_CAPTURE_AUTORELEASING = YES;
				CLANG_WARN_BOOL_CONVERSION = YES;
				CLANG_WARN_COMMA = YES;
				CLANG_WARN_CONSTANT_CONVERSION = YES;
				CLANG_WARN_DEPRECATED_OBJC_IMPLEMENTATIONS = YES;
				CLANG_WARN_DIRECT_OBJC_ISA_USAGE = YES_ERROR;
				CLANG_WARN_DOCUMENTATION_COMMENTS = YES;
				CLANG_WARN_EMPTY_BODY = YES;
				CLANG_WARN_ENUM_CONVERSION = YES;
				CLANG_WARN_INFINITE_RECURSION = YES;
				CLANG_WARN_INT_CONVERSION = YES;
				CLANG_WARN_NON_LITERAL_NULL_CONVERSION = YES;
				CLANG_WARN_OBJC_IMPLICIT_RETAIN_SELF = YES;
				CLANG_WARN_OBJC_LITERAL_CONVERSION = YES;
				CLANG_WARN_OBJC_ROOT_CLASS = YES_ERROR;
				CLANG_WARN_QUOTED_INCLUDE_IN_FRAMEWORK_HEADER = YES;
				CLANG_WARN_RANGE_LOOP_ANALYSIS = YES;
				CLANG_WARN_STRICT_PROTOTYPES = YES;
				CLANG_WARN_SUSPICIOUS_MOVE = YES;
				CLANG_WARN_UNGUARDED_AVAILABILITY = YES_AGGRESSIVE;
				CLANG_WARN_UNREACHABLE_CODE = YES;
				CLANG_WARN__DUPLICATE_METHOD_MATCH = YES;
				COPY_PHASE_STRIP = NO;
				DEBUG_INFORMATION_FORMAT = "dwarf-with-dsym";
				ENABLE_NS_ASSERTIONS = NO;
				ENABLE_STRICT_OBJC_MSGSEND = YES;
				GCC_C_LANGUAGE_STANDARD = gnu11;
				GCC_NO_COMMON_BLOCKS = YES;
				GCC_WARN_64_TO_32_BIT_CONVERSION = YES;
				GCC_WARN_ABOUT_RETURN_TYPE = YES_ERROR;
				GCC_WARN_UNDECLARED_SELECTOR = YES;
				GCC_WARN_UNINITIALIZED_AUTOS = YES_AGGRESSIVE;
				GCC_WARN_UNUSED_FUNCTION = YES;
				GCC_WARN_UNUSED_VARIABLE = YES;
				IPHONEOS_DEPLOYMENT_TARGET = 17.0;
				MTL_ENABLE_DEBUG_INFO = NO;
				MTL_FAST_MATH = YES;
				PRODUCT_NAME = "$(TARGET_NAME)";
				SDKROOT = iphoneos;
				SWIFT_COMPILATION_MODE = wholemodule;
				SWIFT_OPTIMIZATION_LEVEL = "-O";
				SWIFT_VERSION = 6.0;
			};
			name = Release;
		};
/* End XCBuildConfiguration section */

/* Begin XCConfigurationList section */
		5977C89E70E773F3C7B7E3B9 /* Build configuration list for PBXNativeTarget "OpenDock" */ = {
			isa = XCConfigurationList;
			buildConfigurations = (
				EBAF64AE4464C5544A8749EF /* Debug */,
				DB55BA33A84FB62386C7A99B /* Release */,
			);
			defaultConfigurationIsVisible = 0;
			defaultConfigurationName = Debug;
		};
		B8A57472612802D979828506 /* Build configuration list for PBXProject "OpenDock" */ = {
			isa = XCConfigurationList;
			buildConfigurations = (
				1349F8EC3C2EBA50C6D86758 /* Debug */,
				F5CA0214D84D03EAE0671F05 /* Release */,
			);
			defaultConfigurationIsVisible = 0;
			defaultConfigurationName = Debug;
		};
/* End XCConfigurationList section */
	};
	rootObject = E49B8E6DD45B893AAD91EFAC /* Project object */;
}
