// !$*UTF8*$!
{
	archiveVersion = 1;
	classes = {
	};
	objectVersion = 77;
	objects = {

/* Begin PBXBuildFile section */
		01BC4EA3F29971CCEB3DA5C6 /* APIClient.swift in Sources */ = {isa = PBXBuildFile; fileRef = 4DD603F33F7A82C098326F8B /* APIClient.swift */; };
		05E4257F99C270AEFBD349D5 /* BoardDetailView.swift in Sources */ = {isa = PBXBuildFile; fileRef = 686D85BDB4EE25B273844E76 /* BoardDetailView.swift */; };
		1243A352EFD1258A57BCFFC2 /* MembersSheet.swift in Sources */ = {isa = PBXBuildFile; fileRef = 55BE51A3AF1E6F732C038B1D /* MembersSheet.swift */; };
		158BEF8D6A048423CECC4229 /* NoteRow.swift in Sources */ = {isa = PBXBuildFile; fileRef = 4105E951680CBD8520EA4CCD /* NoteRow.swift */; };
		2B1336DB67EC186687EB1B41 /* OpenAISans-Medium.ttf in Resources */ = {isa = PBXBuildFile; fileRef = B7CB54C5E4CED7CD8936432D /* OpenAISans-Medium.ttf */; };
		2C497C9720CD48A7569B2292 /* IDWrap.swift in Sources */ = {isa = PBXBuildFile; fileRef = F05E118904ED263E530A04BA /* IDWrap.swift */; };
		2CD1761AED29735FFECF93FB /* MemberRowView.swift in Sources */ = {isa = PBXBuildFile; fileRef = 5D16E759B3CD8548F2ED9E19 /* MemberRowView.swift */; };
		3029A273B2CD11060FFD8880 /* NoteFormat.swift in Sources */ = {isa = PBXBuildFile; fileRef = 24CD7B3ACBF8892E1E4DA98A /* NoteFormat.swift */; };
		37450D323A7CD774AD5B5FFB /* AuthStore.swift in Sources */ = {isa = PBXBuildFile; fileRef = 1608876BBE6F3385762FB1AB /* AuthStore.swift */; };
		46B50A8C0E3F6AD30BD16789 /* LiveSocket.swift in Sources */ = {isa = PBXBuildFile; fileRef = 372A6AC14977973AD5A087CB /* LiveSocket.swift */; };
		46B77D7C04FA5E2BED6AAED6 /* BoardRow.swift in Sources */ = {isa = PBXBuildFile; fileRef = 932016D294C3B6DEA08BCDFA /* BoardRow.swift */; };
		497BC5B1790B023778C87CB6 /* KeychainService.swift in Sources */ = {isa = PBXBuildFile; fileRef = D8F7E2422DB9AE5883B7B3BF /* KeychainService.swift */; };
		4A55F356D56F3629116540D0 /* NoteEditorToolbar.swift in Sources */ = {isa = PBXBuildFile; fileRef = DF351E212B4D5E913A25026F /* NoteEditorToolbar.swift */; };
		5517B8B7E52DE37FCCB195D3 /* CardFramePreference.swift in Sources */ = {isa = PBXBuildFile; fileRef = 41539FCFECCEEDC9F8900FB3 /* CardFramePreference.swift */; };
		5C467E7477D8E4CB3B197229 /* BoardsListView.swift in Sources */ = {isa = PBXBuildFile; fileRef = E943E12501F84B9CA8E335E0 /* BoardsListView.swift */; };
		608C062AFF8349DE330FAC58 /* BoardsStore+Cards.swift in Sources */ = {isa = PBXBuildFile; fileRef = E25F671CD5DAE46C37B12639 /* BoardsStore+Cards.swift */; };
		6598757C8C5F65B162F4D4CB /* BoardMembersSheet.swift in Sources */ = {isa = PBXBuildFile; fileRef = BDD102D13D7453C220F9C4A7 /* BoardMembersSheet.swift */; };
		661B46D4DEE68E175023C97D /* CardDetailSheet.swift in Sources */ = {isa = PBXBuildFile; fileRef = 6ABAB6A907F2A3DA237F1071 /* CardDetailSheet.swift */; };
		6D01D44639BDF8B7D4247358 /* NoteListView.swift in Sources */ = {isa = PBXBuildFile; fileRef = 4FF613D7E840B96B8109EAD9 /* NoteListView.swift */; };
		72C26FB37334FC37ED7FC9FF /* Board.swift in Sources */ = {isa = PBXBuildFile; fileRef = 46A61F775B4A02C9E3A9D4F1 /* Board.swift */; };
		7492DE022B9A3C687E18CCD4 /* DragCoordinator.swift in Sources */ = {isa = PBXBuildFile; fileRef = 0DD61C1A9FFDFF955B596F21 /* DragCoordinator.swift */; };
		76AF6DB98317DD1B2FB75252 /* AssigneeBadge.swift in Sources */ = {isa = PBXBuildFile; fileRef = 92C0503259BBCA43AEBD3835 /* AssigneeBadge.swift */; };
		774BC903D5F946BDB0E7566C /* BoardsStore.swift in Sources */ = {isa = PBXBuildFile; fileRef = 2C4313D5ACAF6AE27CE64D02 /* BoardsStore.swift */; };
		77EA2E58DE9D4FE89F0559A1 /* ProfileView.swift in Sources */ = {isa = PBXBuildFile; fileRef = 90A4221086AB03011D925BCC /* ProfileView.swift */; };
		9128C60AA018371B6B76B7F8 /* NoteEditorView.swift in Sources */ = {isa = PBXBuildFile; fileRef = F823E53EE2B76138F849392A /* NoteEditorView.swift */; };
		9A239E8B326FA71AD5CAD743 /* ContentView.swift in Sources */ = {isa = PBXBuildFile; fileRef = CAA507A694F1D8FFE6BB1C8E /* ContentView.swift */; };
		9AD50C9F8E3EA8A7AD769739 /* LoginView.swift in Sources */ = {isa = PBXBuildFile; fileRef = B1597A07B65AFD2E21124363 /* LoginView.swift */; };
		9C980968BB938A19F69BCCB2 /* Theme.swift in Sources */ = {isa = PBXBuildFile; fileRef = 5E6E6CD666981BCC191EF111 /* Theme.swift */; };
		A7A4A56EC00F0BE0CF7A6B71 /* OpenAISans-Semibold.ttf in Resources */ = {isa = PBXBuildFile; fileRef = 2BA925A3E30390D6304F0547 /* OpenAISans-Semibold.ttf */; };
		A987B38D07A5ADAF4C7C0175 /* BoardsAPI.swift in Sources */ = {isa = PBXBuildFile; fileRef = 3DC9435BED65CB0C19CE8AF2 /* BoardsAPI.swift */; };
		B64FE69FF60D2015F247CFA9 /* CardRowView.swift in Sources */ = {isa = PBXBuildFile; fileRef = 0FE3758F961E275DAAA3C6BE /* CardRowView.swift */; };
		C21E37C7A409303268309636 /* ColumnView.swift in Sources */ = {isa = PBXBuildFile; fileRef = 219DF57BD62CEF8A263611AF /* ColumnView.swift */; };
		C3A7235CF086A75FD4977912 /* LiveEventDecode.swift in Sources */ = {isa = PBXBuildFile; fileRef = 357B3C3DC060A51DD2EC7614 /* LiveEventDecode.swift */; };
		CDC18E5E7ABC6B7098072AE5 /* NotesStore.swift in Sources */ = {isa = PBXBuildFile; fileRef = 99DFB1B7DFAECBD3F0345E8E /* NotesStore.swift */; };
		D3CE445429C8A31ADBCF58A3 /* NotesAPI.swift in Sources */ = {isa = PBXBuildFile; fileRef = 60F3DBCFE1795D1C9174EC6F /* NotesAPI.swift */; };
		DA390BBA8C40A6C6AEC53BDD /* Note.swift in Sources */ = {isa = PBXBuildFile; fileRef = F7430D69CF118778FA528A0B /* Note.swift */; };
		E02B917033884499F0C01F92 /* OpenDockApp.swift in Sources */ = {isa = PBXBuildFile; fileRef = E9467EA43375042861D467E8 /* OpenDockApp.swift */; };
		E49E7CDD6DC1BDC7EAB4C488 /* Card.swift in Sources */ = {isa = PBXBuildFile; fileRef = 5FC1A28E8913656B1C7D7B2D /* Card.swift */; };
		E9F0F4935A969F4FAA09FA64 /* LiveEvent.swift in Sources */ = {isa = PBXBuildFile; fileRef = 8258CD090A5FAC89CE276876 /* LiveEvent.swift */; };
		EDC53B62850BD161E6D720AA /* OpenAISans-Regular.ttf in Resources */ = {isa = PBXBuildFile; fileRef = C37BAA3A09300DB73892A0C3 /* OpenAISans-Regular.ttf */; };
		FADD18ED72B8CCA96EC3FF7A /* DragOverlay.swift in Sources */ = {isa = PBXBuildFile; fileRef = BCA31F3A71097496001BCB1A /* DragOverlay.swift */; };
		FB096BBC278EEA9E2CB9B50D /* AuthService.swift in Sources */ = {isa = PBXBuildFile; fileRef = 61171D33D836B0800DB5BE73 /* AuthService.swift */; };
		FCC4DF6D270B473145C77511 /* BoardColumn.swift in Sources */ = {isa = PBXBuildFile; fileRef = 6EF77E58ACF34E7A634AADD0 /* BoardColumn.swift */; };
/* End PBXBuildFile section */

/* Begin PBXFileReference section */
		0DD61C1A9FFDFF955B596F21 /* DragCoordinator.swift */ = {isa = PBXFileReference; includeInIndex = 1; lastKnownFileType = sourcecode.swift; path = DragCoordinator.swift; sourceTree = "<group>"; };
		0FE3758F961E275DAAA3C6BE /* CardRowView.swift */ = {isa = PBXFileReference; includeInIndex = 1; lastKnownFileType = sourcecode.swift; path = CardRowView.swift; sourceTree = "<group>"; };
		1608876BBE6F3385762FB1AB /* AuthStore.swift */ = {isa = PBXFileReference; includeInIndex = 1; lastKnownFileType = sourcecode.swift; path = AuthStore.swift; sourceTree = "<group>"; };
		219DF57BD62CEF8A263611AF /* ColumnView.swift */ = {isa = PBXFileReference; lastKnownFileType = sourcecode.swift; path = ColumnView.swift; sourceTree = "<group>"; };
		24CD7B3ACBF8892E1E4DA98A /* NoteFormat.swift */ = {isa = PBXFileReference; lastKnownFileType = sourcecode.swift; path = NoteFormat.swift; sourceTree = "<group>"; };
		2BA925A3E30390D6304F0547 /* OpenAISans-Semibold.ttf */ = {isa = PBXFileReference; lastKnownFileType = file; path = "OpenAISans-Semibold.ttf"; sourceTree = "<group>"; };
		2C4313D5ACAF6AE27CE64D02 /* BoardsStore.swift */ = {isa = PBXFileReference; lastKnownFileType = sourcecode.swift; path = BoardsStore.swift; sourceTree = "<group>"; };
		357B3C3DC060A51DD2EC7614 /* LiveEventDecode.swift */ = {isa = PBXFileReference; includeInIndex = 1; lastKnownFileType = sourcecode.swift; path = LiveEventDecode.swift; sourceTree = "<group>"; };
		372A6AC14977973AD5A087CB /* LiveSocket.swift */ = {isa = PBXFileReference; includeInIndex = 1; lastKnownFileType = sourcecode.swift; path = LiveSocket.swift; sourceTree = "<group>"; };
		3DC9435BED65CB0C19CE8AF2 /* BoardsAPI.swift */ = {isa = PBXFileReference; includeInIndex = 1; lastKnownFileType = sourcecode.swift; path = BoardsAPI.swift; sourceTree = "<group>"; };
		4105E951680CBD8520EA4CCD /* NoteRow.swift */ = {isa = PBXFileReference; lastKnownFileType = sourcecode.swift; path = NoteRow.swift; sourceTree = "<group>"; };
		41539FCFECCEEDC9F8900FB3 /* CardFramePreference.swift */ = {isa = PBXFileReference; includeInIndex = 1; lastKnownFileType = sourcecode.swift; path = CardFramePreference.swift; sourceTree = "<group>"; };
		46A61F775B4A02C9E3A9D4F1 /* Board.swift */ = {isa = PBXFileReference; lastKnownFileType = sourcecode.swift; path = Board.swift; sourceTree = "<group>"; };
		4DD603F33F7A82C098326F8B /* APIClient.swift */ = {isa = PBXFileReference; includeInIndex = 1; lastKnownFileType = sourcecode.swift; path = APIClient.swift; sourceTree = "<group>"; };
		4FF613D7E840B96B8109EAD9 /* NoteListView.swift */ = {isa = PBXFileReference; lastKnownFileType = sourcecode.swift; path = NoteListView.swift; sourceTree = "<group>"; };
		55BE51A3AF1E6F732C038B1D /* MembersSheet.swift */ = {isa = PBXFileReference; includeInIndex = 1; lastKnownFileType = sourcecode.swift; path = MembersSheet.swift; sourceTree = "<group>"; };
		5D16E759B3CD8548F2ED9E19 /* MemberRowView.swift */ = {isa = PBXFileReference; includeInIndex = 1; lastKnownFileType = sourcecode.swift; path = MemberRowView.swift; sourceTree = "<group>"; };
		5E6E6CD666981BCC191EF111 /* Theme.swift */ = {isa = PBXFileReference; lastKnownFileType = sourcecode.swift; path = Theme.swift; sourceTree = "<group>"; };
		5FC1A28E8913656B1C7D7B2D /* Card.swift */ = {isa = PBXFileReference; lastKnownFileType = sourcecode.swift; path = Card.swift; sourceTree = "<group>"; };
		60F3DBCFE1795D1C9174EC6F /* NotesAPI.swift */ = {isa = PBXFileReference; includeInIndex = 1; lastKnownFileType = sourcecode.swift; path = NotesAPI.swift; sourceTree = "<group>"; };
		61171D33D836B0800DB5BE73 /* AuthService.swift */ = {isa = PBXFileReference; includeInIndex = 1; lastKnownFileType = sourcecode.swift; path = AuthService.swift; sourceTree = "<group>"; };
		67884C5555AADFE58819B4B4 /* Info.plist */ = {isa = PBXFileReference; lastKnownFileType = text.plist; path = Info.plist; sourceTree = "<group>"; };
		686D85BDB4EE25B273844E76 /* BoardDetailView.swift */ = {isa = PBXFileReference; lastKnownFileType = sourcecode.swift; path = BoardDetailView.swift; sourceTree = "<group>"; };
		6ABAB6A907F2A3DA237F1071 /* CardDetailSheet.swift */ = {isa = PBXFileReference; lastKnownFileType = sourcecode.swift; path = CardDetailSheet.swift; sourceTree = "<group>"; };
		6EF77E58ACF34E7A634AADD0 /* BoardColumn.swift */ = {isa = PBXFileReference; lastKnownFileType = sourcecode.swift; path = BoardColumn.swift; sourceTree = "<group>"; };
		8258CD090A5FAC89CE276876 /* LiveEvent.swift */ = {isa = PBXFileReference; includeInIndex = 1; lastKnownFileType = sourcecode.swift; path = LiveEvent.swift; sourceTree = "<group>"; };
		90A4221086AB03011D925BCC /* ProfileView.swift */ = {isa = PBXFileReference; includeInIndex = 1; lastKnownFileType = sourcecode.swift; path = ProfileView.swift; sourceTree = "<group>"; };
		92C0503259BBCA43AEBD3835 /* AssigneeBadge.swift */ = {isa = PBXFileReference; includeInIndex = 1; lastKnownFileType = sourcecode.swift; path = AssigneeBadge.swift; sourceTree = "<group>"; };
		932016D294C3B6DEA08BCDFA /* BoardRow.swift */ = {isa = PBXFileReference; includeInIndex = 1; lastKnownFileType = sourcecode.swift; path = BoardRow.swift; sourceTree = "<group>"; };
		99DFB1B7DFAECBD3F0345E8E /* NotesStore.swift */ = {isa = PBXFileReference; lastKnownFileType = sourcecode.swift; path = NotesStore.swift; sourceTree = "<group>"; };
		B1597A07B65AFD2E21124363 /* LoginView.swift */ = {isa = PBXFileReference; includeInIndex = 1; lastKnownFileType = sourcecode.swift; path = LoginView.swift; sourceTree = "<group>"; };
		B7CB54C5E4CED7CD8936432D /* OpenAISans-Medium.ttf */ = {isa = PBXFileReference; lastKnownFileType = file; path = "OpenAISans-Medium.ttf"; sourceTree = "<group>"; };
		BCA31F3A71097496001BCB1A /* DragOverlay.swift */ = {isa = PBXFileReference; includeInIndex = 1; lastKnownFileType = sourcecode.swift; path = DragOverlay.swift; sourceTree = "<group>"; };
		BDD102D13D7453C220F9C4A7 /* BoardMembersSheet.swift */ = {isa = PBXFileReference; includeInIndex = 1; lastKnownFileType = sourcecode.swift; path = BoardMembersSheet.swift; sourceTree = "<group>"; };
		C37BAA3A09300DB73892A0C3 /* OpenAISans-Regular.ttf */ = {isa = PBXFileReference; lastKnownFileType = file; path = "OpenAISans-Regular.ttf"; sourceTree = "<group>"; };
		CAA507A694F1D8FFE6BB1C8E /* ContentView.swift */ = {isa = PBXFileReference; lastKnownFileType = sourcecode.swift; path = ContentView.swift; sourceTree = "<group>"; };
		D8F7E2422DB9AE5883B7B3BF /* KeychainService.swift */ = {isa = PBXFileReference; includeInIndex = 1; lastKnownFileType = sourcecode.swift; path = KeychainService.swift; sourceTree = "<group>"; };
		DF351E212B4D5E913A25026F /* NoteEditorToolbar.swift */ = {isa = PBXFileReference; includeInIndex = 1; lastKnownFileType = sourcecode.swift; path = NoteEditorToolbar.swift; sourceTree = "<group>"; };
		E25F671CD5DAE46C37B12639 /* BoardsStore+Cards.swift */ = {isa = PBXFileReference; includeInIndex = 1; lastKnownFileType = sourcecode.swift; path = "BoardsStore+Cards.swift"; sourceTree = "<group>"; };
		E943E12501F84B9CA8E335E0 /* BoardsListView.swift */ = {isa = PBXFileReference; lastKnownFileType = sourcecode.swift; path = BoardsListView.swift; sourceTree = "<group>"; };
		E9467EA43375042861D467E8 /* OpenDockApp.swift */ = {isa = PBXFileReference; lastKnownFileType = sourcecode.swift; path = OpenDockApp.swift; sourceTree = "<group>"; };
		F05E118904ED263E530A04BA /* IDWrap.swift */ = {isa = PBXFileReference; lastKnownFileType = sourcecode.swift; path = IDWrap.swift; sourceTree = "<group>"; };
		F7430D69CF118778FA528A0B /* Note.swift */ = {isa = PBXFileReference; lastKnownFileType = sourcecode.swift; path = Note.swift; sourceTree = "<group>"; };
		F823E53EE2B76138F849392A /* NoteEditorView.swift */ = {isa = PBXFileReference; lastKnownFileType = sourcecode.swift; path = NoteEditorView.swift; sourceTree = "<group>"; };
		F887752849BA46582EF40368 /* OpenDock.app */ = {isa = PBXFileReference; explicitFileType = wrapper.application; includeInIndex = 0; path = OpenDock.app; sourceTree = BUILT_PRODUCTS_DIR; };
/* End PBXFileReference section */

/* Begin PBXGroup section */
		06AD21C4BAB416AB604A12C1 = {
			isa = PBXGroup;
			children = (
				D4E5961A22856804EC7578E4 /* OpenDock */,
				3A327E2E5E7E4F5A99D6F33B /* Products */,
			);
			sourceTree = "<group>";
		};
		3A327E2E5E7E4F5A99D6F33B /* Products */ = {
			isa = PBXGroup;
			children = (
				F887752849BA46582EF40368 /* OpenDock.app */,
			);
			name = Products;
			sourceTree = "<group>";
		};
		5ACCF0EC41C69EFE562E50F2 /* Fonts */ = {
			isa = PBXGroup;
			children = (
				B7CB54C5E4CED7CD8936432D /* OpenAISans-Medium.ttf */,
				C37BAA3A09300DB73892A0C3 /* OpenAISans-Regular.ttf */,
				2BA925A3E30390D6304F0547 /* OpenAISans-Semibold.ttf */,
			);
			path = Fonts;
			sourceTree = "<group>";
		};
		D4E5961A22856804EC7578E4 /* OpenDock */ = {
			isa = PBXGroup;
			children = (
				46A61F775B4A02C9E3A9D4F1 /* Board.swift */,
				6EF77E58ACF34E7A634AADD0 /* BoardColumn.swift */,
				686D85BDB4EE25B273844E76 /* BoardDetailView.swift */,
				E943E12501F84B9CA8E335E0 /* BoardsListView.swift */,
				2C4313D5ACAF6AE27CE64D02 /* BoardsStore.swift */,
				5FC1A28E8913656B1C7D7B2D /* Card.swift */,
				6ABAB6A907F2A3DA237F1071 /* CardDetailSheet.swift */,
				219DF57BD62CEF8A263611AF /* ColumnView.swift */,
				CAA507A694F1D8FFE6BB1C8E /* ContentView.swift */,
				F05E118904ED263E530A04BA /* IDWrap.swift */,
				67884C5555AADFE58819B4B4 /* Info.plist */,
				F7430D69CF118778FA528A0B /* Note.swift */,
				F823E53EE2B76138F849392A /* NoteEditorView.swift */,
				24CD7B3ACBF8892E1E4DA98A /* NoteFormat.swift */,
				4FF613D7E840B96B8109EAD9 /* NoteListView.swift */,
				4105E951680CBD8520EA4CCD /* NoteRow.swift */,
				99DFB1B7DFAECBD3F0345E8E /* NotesStore.swift */,
				E9467EA43375042861D467E8 /* OpenDockApp.swift */,
				5E6E6CD666981BCC191EF111 /* Theme.swift */,
				5ACCF0EC41C69EFE562E50F2 /* Fonts */,
				61171D33D836B0800DB5BE73 /* AuthService.swift */,
				1608876BBE6F3385762FB1AB /* AuthStore.swift */,
				4DD603F33F7A82C098326F8B /* APIClient.swift */,
				3DC9435BED65CB0C19CE8AF2 /* BoardsAPI.swift */,
				D8F7E2422DB9AE5883B7B3BF /* KeychainService.swift */,
				B1597A07B65AFD2E21124363 /* LoginView.swift */,
				60F3DBCFE1795D1C9174EC6F /* NotesAPI.swift */,
				372A6AC14977973AD5A087CB /* LiveSocket.swift */,
				8258CD090A5FAC89CE276876 /* LiveEvent.swift */,
				55BE51A3AF1E6F732C038B1D /* MembersSheet.swift */,
				DF351E212B4D5E913A25026F /* NoteEditorToolbar.swift */,
				932016D294C3B6DEA08BCDFA /* BoardRow.swift */,
				357B3C3DC060A51DD2EC7614 /* LiveEventDecode.swift */,
				BDD102D13D7453C220F9C4A7 /* BoardMembersSheet.swift */,
				92C0503259BBCA43AEBD3835 /* AssigneeBadge.swift */,
				5D16E759B3CD8548F2ED9E19 /* MemberRowView.swift */,
				E25F671CD5DAE46C37B12639 /* BoardsStore+Cards.swift */,
				90A4221086AB03011D925BCC /* ProfileView.swift */,
				0FE3758F961E275DAAA3C6BE /* CardRowView.swift */,
				0DD61C1A9FFDFF955B596F21 /* DragCoordinator.swift */,
				41539FCFECCEEDC9F8900FB3 /* CardFramePreference.swift */,
				BCA31F3A71097496001BCB1A /* DragOverlay.swift */,
			);
			path = OpenDock;
			sourceTree = "<group>";
		};
/* End PBXGroup section */

/* Begin PBXNativeTarget section */
		CF18626D89445ABA13B73611 /* OpenDock */ = {
			isa = PBXNativeTarget;
			buildConfigurationList = 5977C89E70E773F3C7B7E3B9 /* Build configuration list for PBXNativeTarget "OpenDock" */;
			buildPhases = (
				261B5B93756A89DD34396D46 /* Sources */,
				4FF5FAA90DF4DE6C44F7AD27 /* Resources */,
			);
			buildRules = (
			);
			dependencies = (
			);
			name = OpenDock;
			productName = OpenDock;
			productReference = F887752849BA46582EF40368 /* OpenDock.app */;
			productType = "com.apple.product-type.application";
		};
/* End PBXNativeTarget section */

/* Begin PBXProject section */
		E49B8E6DD45B893AAD91EFAC /* Project object */ = {
			isa = PBXProject;
			attributes = {
				BuildIndependentTargetsInParallel = YES;
				LastUpgradeCheck = 1430;
				TargetAttributes = {
					CF18626D89445ABA13B73611 = {
						ProvisioningStyle = Automatic;
					};
				};
			};
			buildConfigurationList = B8A57472612802D979828506 /* Build configuration list for PBXProject "OpenDock" */;
			developmentRegion = en;
			hasScannedForEncodings = 0;
			knownRegions = (
				Base,
				en,
			);
			mainGroup = 06AD21C4BAB416AB604A12C1;
			minimizedProjectReferenceProxies = 1;
			preferredProjectObjectVersion = 77;
			productRefGroup = 3A327E2E5E7E4F5A99D6F33B /* Products */;
			projectDirPath = "";
			projectRoot = "";
			targets = (
				CF18626D89445ABA13B73611 /* OpenDock */,
			);
		};
/* End PBXProject section */

/* Begin PBXResourcesBuildPhase section */
		4FF5FAA90DF4DE6C44F7AD27 /* Resources */ = {
			isa = PBXResourcesBuildPhase;
			buildActionMask = 2147483647;
			files = (
				2B1336DB67EC186687EB1B41 /* OpenAISans-Medium.ttf in Resources */,
				EDC53B62850BD161E6D720AA /* OpenAISans-Regular.ttf in Resources */,
				A7A4A56EC00F0BE0CF7A6B71 /* OpenAISans-Semibold.ttf in Resources */,
			);
			runOnlyForDeploymentPostprocessing = 0;
		};
/* End PBXResourcesBuildPhase section */

/* Begin PBXSourcesBuildPhase section */
		261B5B93756A89DD34396D46 /* Sources */ = {
			isa = PBXSourcesBuildPhase;
			buildActionMask = 2147483647;
			files = (
				72C26FB37334FC37ED7FC9FF /* Board.swift in Sources */,
				FCC4DF6D270B473145C77511 /* BoardColumn.swift in Sources */,
				05E4257F99C270AEFBD349D5 /* BoardDetailView.swift in Sources */,
				5C467E7477D8E4CB3B197229 /* BoardsListView.swift in Sources */,
				774BC903D5F946BDB0E7566C /* BoardsStore.swift in Sources */,
				E49E7CDD6DC1BDC7EAB4C488 /* Card.swift in Sources */,
				661B46D4DEE68E175023C97D /* CardDetailSheet.swift in Sources */,
				C21E37C7A409303268309636 /* ColumnView.swift in Sources */,
				9A239E8B326FA71AD5CAD743 /* ContentView.swift in Sources */,
				2C497C9720CD48A7569B2292 /* IDWrap.swift in Sources */,
				DA390BBA8C40A6C6AEC53BDD /* Note.swift in Sources */,
				9128C60AA018371B6B76B7F8 /* NoteEditorView.swift in Sources */,
				3029A273B2CD11060FFD8880 /* NoteFormat.swift in Sources */,
				6D01D44639BDF8B7D4247358 /* NoteListView.swift in Sources */,
				158BEF8D6A048423CECC4229 /* NoteRow.swift in Sources */,
				CDC18E5E7ABC6B7098072AE5 /* NotesStore.swift in Sources */,
				E02B917033884499F0C01F92 /* OpenDockApp.swift in Sources */,
				9C980968BB938A19F69BCCB2 /* Theme.swift in Sources */,
				FB096BBC278EEA9E2CB9B50D /* AuthService.swift in Sources */,
				37450D323A7CD774AD5B5FFB /* AuthStore.swift in Sources */,
				01BC4EA3F29971CCEB3DA5C6 /* APIClient.swift in Sources */,
				A987B38D07A5ADAF4C7C0175 /* BoardsAPI.swift in Sources */,
				497BC5B1790B023778C87CB6 /* KeychainService.swift in Sources */,
				9AD50C9F8E3EA8A7AD769739 /* LoginView.swift in Sources */,
				D3CE445429C8A31ADBCF58A3 /* NotesAPI.swift in Sources */,
				46B50A8C0E3F6AD30BD16789 /* LiveSocket.swift in Sources */,
				E9F0F4935A969F4FAA09FA64 /* LiveEvent.swift in Sources */,
				1243A352EFD1258A57BCFFC2 /* MembersSheet.swift in Sources */,
				4A55F356D56F3629116540D0 /* NoteEditorToolbar.swift in Sources */,
				46B77D7C04FA5E2BED6AAED6 /* BoardRow.swift in Sources */,
				C3A7235CF086A75FD4977912 /* LiveEventDecode.swift in Sources */,
				6598757C8C5F65B162F4D4CB /* BoardMembersSheet.swift in Sources */,
				76AF6DB98317DD1B2FB75252 /* AssigneeBadge.swift in Sources */,
				2CD1761AED29735FFECF93FB /* MemberRowView.swift in Sources */,
				608C062AFF8349DE330FAC58 /* BoardsStore+Cards.swift in Sources */,
				77EA2E58DE9D4FE89F0559A1 /* ProfileView.swift in Sources */,
				B64FE69FF60D2015F247CFA9 /* CardRowView.swift in Sources */,
				7492DE022B9A3C687E18CCD4 /* DragCoordinator.swift in Sources */,
				5517B8B7E52DE37FCCB195D3 /* CardFramePreference.swift in Sources */,
				FADD18ED72B8CCA96EC3FF7A /* DragOverlay.swift in Sources */,
			);
			runOnlyForDeploymentPostprocessing = 0;
		};
/* End PBXSourcesBuildPhase section */

/* Begin XCBuildConfiguration section */
		1349F8EC3C2EBA50C6D86758 /* Debug */ = {
			isa = XCBuildConfiguration;
			buildSettings = {
				ALWAYS_SEARCH_USER_PATHS = NO;
				CLANG_ANALYZER_NONNULL = YES;
				CLANG_ANALYZER_NUMBER_OBJECT_CONVERSION = YES_AGGRESSIVE;
				CLANG_CXX_LANGUAGE_STANDARD = "gnu++14";
				CLANG_CXX_LIBRARY = "libc++";
				CLANG_ENABLE_MODULES = YES;
				CLANG_ENABLE_OBJC_ARC = YES;
				CLANG_ENABLE_OBJC_WEAK = YES;
				CLANG_WARN_BLOCK_CAPTURE_AUTORELEASING = YES;
				CLANG_WARN_BOOL_CONVERSION = YES;
				CLANG_WARN_COMMA = YES;
				CLANG_WARN_CONSTANT_CONVERSION = YES;
				CLANG_WARN_DEPRECATED_OBJC_IMPLEMENTATIONS = YES;
				CLANG_WARN_DIRECT_OBJC_ISA_USAGE = YES_ERROR;
				CLANG_WARN_DOCUMENTATION_COMMENTS = YES;
				CLANG_WARN_EMPTY_BODY = YES;
				CLANG_WARN_ENUM_CONVERSION = YES;
				CLANG_WARN_INFINITE_RECURSION = YES;
				CLANG_WARN_INT_CONVERSION = YES;
				CLANG_WARN_NON_LITERAL_NULL_CONVERSION = YES;
				CLANG_WARN_OBJC_IMPLICIT_RETAIN_SELF = YES;
				CLANG_WARN_OBJC_LITERAL_CONVERSION = YES;
				CLANG_WARN_OBJC_ROOT_CLASS = YES_ERROR;
				CLANG_WARN_QUOTED_INCLUDE_IN_FRAMEWORK_HEADER = YES;
				CLANG_WARN_RANGE_LOOP_ANALYSIS = YES;
				CLANG_WARN_STRICT_PROTOTYPES = YES;
				CLANG_WARN_SUSPICIOUS_MOVE = YES;
				CLANG_WARN_UNGUARDED_AVAILABILITY = YES_AGGRESSIVE;
				CLANG_WARN_UNREACHABLE_CODE = YES;
				CLANG_WARN__DUPLICATE_METHOD_MATCH = YES;
				COPY_PHASE_STRIP = NO;
				DEBUG_INFORMATION_FORMAT = dwarf;
				ENABLE_STRICT_OBJC_MSGSEND = YES;
				ENABLE_TESTABILITY = YES;
				GCC_C_LANGUAGE_STANDARD = gnu11;
				GCC_DYNAMIC_NO_PIC = NO;
				GCC_NO_COMMON_BLOCKS = YES;
				GCC_OPTIMIZATION_LEVEL = 0;
				GCC_PREPROCESSOR_DEFINITIONS = (
					"$(inherited)",
					"DEBUG=1",
				);
				GCC_WARN_64_TO_32_BIT_CONVERSION = YES;
				GCC_WARN_ABOUT_RETURN_TYPE = YES_ERROR;
				GCC_WARN_UNDECLARED_SELECTOR = YES;
				GCC_WARN_UNINITIALIZED_AUTOS = YES_AGGRESSIVE;
				GCC_WARN_UNUSED_FUNCTION = YES;
				GCC_WARN_UNUSED_VARIABLE = YES;
				IPHONEOS_DEPLOYMENT_TARGET = 17.0;
				MTL_ENABLE_DEBUG_INFO = INCLUDE_SOURCE;
				MTL_FAST_MATH = YES;
				ONLY_ACTIVE_ARCH = YES;
				PRODUCT_NAME = "$(TARGET_NAME)";
				SDKROOT = iphoneos;
				SWIFT_ACTIVE_COMPILATION_CONDITIONS = DEBUG;
				SWIFT_OPTIMIZATION_LEVEL = "-Onone";
				SWIFT_VERSION = 6.0;
			};
			name = Debug;
		};
		DB55BA33A84FB62386C7A99B /* Release */ = {
			isa = XCBuildConfiguration;
			buildSettings = {
				ASSETCATALOG_COMPILER_APPICON_NAME = AppIcon;
				CODE_SIGN_IDENTITY = "iPhone Developer";
				CODE_SIGN_STYLE = Automatic;
				DEVELOPMENT_TEAM = 8656625Z2P;
				GENERATE_INFOPLIST_FILE = YES;
				INFOPLIST_FILE = OpenDock/Info.plist;
				INFOPLIST_KEY_CFBundleDisplayName = OpenDock;
				INFOPLIST_KEY_UILaunchScreen_Generation = YES;
				INFOPLIST_KEY_UIStatusBarStyle = UIStatusBarStyleLightContent;
				INFOPLIST_KEY_UISupportedInterfaceOrientations = UIInterfaceOrientationPortrait;
				LD_RUNPATH_SEARCH_PATHS = (
					"$(inherited)",
					"@executable_path/Frameworks",
				);
				PRODUCT_BUNDLE_IDENTIFIER = com.athion.opendock;
				SDKROOT = iphoneos;
				TARGETED_DEVICE_FAMILY = "1,2";
			};
			name = Release;
		};
		EBAF64AE4464C5544A8749EF /* Debug */ = {
			isa = XCBuildConfiguration;
			buildSettings = {
				ASSETCATALOG_COMPILER_APPICON_NAME = AppIcon;
				CODE_SIGN_IDENTITY = "iPhone Developer";
				CODE_SIGN_STYLE = Automatic;
				DEVELOPMENT_TEAM = 8656625Z2P;
				GENERATE_INFOPLIST_FILE = YES;
				INFOPLIST_FILE = OpenDock/Info.plist;
				INFOPLIST_KEY_CFBundleDisplayName = OpenDock;
				INFOPLIST_KEY_UILaunchScreen_Generation = YES;
				INFOPLIST_KEY_UIStatusBarStyle = UIStatusBarStyleLightContent;
				INFOPLIST_KEY_UISupportedInterfaceOrientations = UIInterfaceOrientationPortrait;
				LD_RUNPATH_SEARCH_PATHS = (
					"$(inherited)",
					"@executable_path/Frameworks",
				);
				PRODUCT_BUNDLE_IDENTIFIER = com.athion.opendock;
				SDKROOT = iphoneos;
				TARGETED_DEVICE_FAMILY = "1,2";
			};
			name = Debug;
		};
		F5CA0214D84D03EAE0671F05 /* Release */ = {
			isa = XCBuildConfiguration;
			buildSettings = {
				ALWAYS_SEARCH_USER_PATHS = NO;
				CLANG_ANALYZER_NONNULL = YES;
				CLANG_ANALYZER_NUMBER_OBJECT_CONVERSION = YES_AGGRESSIVE;
				CLANG_CXX_LANGUAGE_STANDARD = "gnu++14";
				CLANG_CXX_LIBRARY = "libc++";
				CLANG_ENABLE_MODULES = YES;
				CLANG_ENABLE_OBJC_ARC = YES;
				CLANG_ENABLE_OBJC_WEAK = YES;
				CLANG_WARN_BLOCK_CAPTURE_AUTORELEASING = YES;
				CLANG_WARN_BOOL_CONVERSION = YES;
				CLANG_WARN_COMMA = YES;
				CLANG_WARN_CONSTANT_CONVERSION = YES;
				CLANG_WARN_DEPRECATED_OBJC_IMPLEMENTATIONS = YES;
				CLANG_WARN_DIRECT_OBJC_ISA_USAGE = YES_ERROR;
				CLANG_WARN_DOCUMENTATION_COMMENTS = YES;
				CLANG_WARN_EMPTY_BODY = YES;
				CLANG_WARN_ENUM_CONVERSION = YES;
				CLANG_WARN_INFINITE_RECURSION = YES;
				CLANG_WARN_INT_CONVERSION = YES;
				CLANG_WARN_NON_LITERAL_NULL_CONVERSION = YES;
				CLANG_WARN_OBJC_IMPLICIT_RETAIN_SELF = YES;
				CLANG_WARN_OBJC_LITERAL_CONVERSION = YES;
				CLANG_WARN_OBJC_ROOT_CLASS = YES_ERROR;
				CLANG_WARN_QUOTED_INCLUDE_IN_FRAMEWORK_HEADER = YES;
				CLANG_WARN_RANGE_LOOP_ANALYSIS = YES;
				CLANG_WARN_STRICT_PROTOTYPES = YES;
				CLANG_WARN_SUSPICIOUS_MOVE = YES;
				CLANG_WARN_UNGUARDED_AVAILABILITY = YES_AGGRESSIVE;
				CLANG_WARN_UNREACHABLE_CODE = YES;
				CLANG_WARN__DUPLICATE_METHOD_MATCH = YES;
				COPY_PHASE_STRIP = NO;
				DEBUG_INFORMATION_FORMAT = "dwarf-with-dsym";
				ENABLE_NS_ASSERTIONS = NO;
				ENABLE_STRICT_OBJC_MSGSEND = YES;
				GCC_C_LANGUAGE_STANDARD = gnu11;
				GCC_NO_COMMON_BLOCKS = YES;
				GCC_WARN_64_TO_32_BIT_CONVERSION = YES;
				GCC_WARN_ABOUT_RETURN_TYPE = YES_ERROR;
				GCC_WARN_UNDECLARED_SELECTOR = YES;
				GCC_WARN_UNINITIALIZED_AUTOS = YES_AGGRESSIVE;
				GCC_WARN_UNUSED_FUNCTION = YES;
				GCC_WARN_UNUSED_VARIABLE = YES;
				IPHONEOS_DEPLOYMENT_TARGET = 17.0;
				MTL_ENABLE_DEBUG_INFO = NO;
				MTL_FAST_MATH = YES;
				PRODUCT_NAME = "$(TARGET_NAME)";
				SDKROOT = iphoneos;
				SWIFT_COMPILATION_MODE = wholemodule;
				SWIFT_OPTIMIZATION_LEVEL = "-O";
				SWIFT_VERSION = 6.0;
			};
			name = Release;
		};
/* End XCBuildConfiguration section */

/* Begin XCConfigurationList section */
		5977C89E70E773F3C7B7E3B9 /* Build configuration list for PBXNativeTarget "OpenDock" */ = {
			isa = XCConfigurationList;
			buildConfigurations = (
				EBAF64AE4464C5544A8749EF /* Debug */,
				DB55BA33A84FB62386C7A99B /* Release */,
			);
			defaultConfigurationIsVisible = 0;
			defaultConfigurationName = Debug;
		};
		B8A57472612802D979828506 /* Build configuration list for PBXProject "OpenDock" */ = {
			isa = XCConfigurationList;
			buildConfigurations = (
				1349F8EC3C2EBA50C6D86758 /* Debug */,
				F5CA0214D84D03EAE0671F05 /* Release */,
			);
			defaultConfigurationIsVisible = 0;
			defaultConfigurationName = Debug;
		};
/* End XCConfigurationList section */
	};
	rootObject = E49B8E6DD45B893AAD91EFAC /* Project object */;
}
